
Microsoft Visual Studio Solution File, Format Version 12.00
# Visual Studio Version 17
VisualStudioVersion = 17.12.35527.113
MinimumVisualStudioVersion = 10.0.40219.1
Project("{FAE04EC0-301F-11D3-BF4B-00C04F79EFBC}") = "ExpenseManagement.ActivityApi", "ExpenseManagement.ActivityApi\ExpenseManagement.ActivityApi.csproj", "{5E70388B-C7EF-4B91-A09D-EC5D3F946FF6}"
EndProject
Project("{FAE04EC0-301F-11D3-BF4B-00C04F79EFBC}") = "ExpenseManagement.Repository", "..\ExpenseManagement.Repository\ExpenseManagement.Repository\ExpenseManagement.Repository.csproj", "{8F87952B-5555-4029-B8D5-88CCEBF3B868}"
EndProject
Global
	GlobalSection(SolutionConfigurationPlatforms) = preSolution
		Debug|Any CPU = Debug|Any CPU
		Release|Any CPU = Release|Any CPU
	EndGlobalSection
	GlobalSection(ProjectConfigurationPlatforms) = postSolution
		{5E70388B-C7EF-4B91-A09D-EC5D3F946FF6}.Debug|Any CPU.ActiveCfg = Debug|Any CPU
		{5E70388B-C7EF-4B91-A09D-EC5D3F946FF6}.Debug|Any CPU.Build.0 = Debug|Any CPU
		{5E70388B-C7EF-4B91-A09D-EC5D3F946FF6}.Release|Any CPU.ActiveCfg = Release|Any CPU
		{5E70388B-C7EF-4B91-A09D-EC5D3F946FF6}.Release|Any CPU.Build.0 = Release|Any CPU
		{8F87952B-5555-4029-B8D5-88CCEBF3B868}.Debug|Any CPU.ActiveCfg = Debug|Any CPU
		{8F87952B-5555-4029-B8D5-88CCEBF3B868}.Debug|Any CPU.Build.0 = Debug|Any CPU
		{8F87952B-5555-4029-B8D5-88CCEBF3B868}.Release|Any CPU.ActiveCfg = Release|Any CPU
		{8F87952B-5555-4029-B8D5-88CCEBF3B868}.Release|Any CPU.Build.0 = Release|Any CPU
	EndGlobalSection
	GlobalSection(SolutionProperties) = preSolution
		HideSolutionNode = FALSE
	EndGlobalSection
EndGlobal
