
Microsoft Visual Studio Solution File, Format Version 12.00
# Visual Studio Version 17
VisualStudioVersion = 17.12.35527.113 d17.12
MinimumVisualStudioVersion = 10.0.40219.1
Project("{FAE04EC0-301F-11D3-BF4B-00C04F79EFBC}") = "ExpenseManagement.SettingsApi", "ExpenseManagement.SettingsApi\ExpenseManagement.SettingsApi.csproj", "{5AEC2F88-70D4-4B47-9EE4-D05BC7D37CE9}"
EndProject
Project("{FAE04EC0-301F-11D3-BF4B-00C04F79EFBC}") = "ExpenseManagement.Repository", "..\ExpenseManagement.Repository\ExpenseManagement.Repository\ExpenseManagement.Repository.csproj", "{A230502C-BFE6-45E6-9338-CC3A8ACFBC1F}"
EndProject
Global
	GlobalSection(SolutionConfigurationPlatforms) = preSolution
		Debug|Any CPU = Debug|Any CPU
		Release|Any CPU = Release|Any CPU
	EndGlobalSection
	GlobalSection(ProjectConfigurationPlatforms) = postSolution
		{5AEC2F88-70D4-4B47-9EE4-D05BC7D37CE9}.Debug|Any CPU.ActiveCfg = Debug|Any CPU
		{5AEC2F88-70D4-4B47-9EE4-D05BC7D37CE9}.Debug|Any CPU.Build.0 = Debug|Any CPU
		{5AEC2F88-70D4-4B47-9EE4-D05BC7D37CE9}.Release|Any CPU.ActiveCfg = Release|Any CPU
		{5AEC2F88-70D4-4B47-9EE4-D05BC7D37CE9}.Release|Any CPU.Build.0 = Release|Any CPU
		{A230502C-BFE6-45E6-9338-CC3A8ACFBC1F}.Debug|Any CPU.ActiveCfg = Debug|Any CPU
		{A230502C-BFE6-45E6-9338-CC3A8ACFBC1F}.Debug|Any CPU.Build.0 = Debug|Any CPU
		{A230502C-BFE6-45E6-9338-CC3A8ACFBC1F}.Release|Any CPU.ActiveCfg = Release|Any CPU
		{A230502C-BFE6-45E6-9338-CC3A8ACFBC1F}.Release|Any CPU.Build.0 = Release|Any CPU
	EndGlobalSection
	GlobalSection(SolutionProperties) = preSolution
		HideSolutionNode = FALSE
	EndGlobalSection
EndGlobal
